
Microsoft Visual Studio Solution File, Format Version 12.00
# Visual Studio Version 17
VisualStudioVersion = 17.0.32014.148
MinimumVisualStudioVersion = 10.0.40219.1
Project("{FAE04EC0-301F-11D3-BF4B-00C04F79EFBC}") = "Day01", "Day01\Day01.csproj", "{B4C656E7-F94C-4E7A-9A78-EBC82C31AC55}"
EndProject
Project("{FAE04EC0-301F-11D3-BF4B-00C04F79EFBC}") = "Day02", "Day02\Day02.csproj", "{D1B1AEA4-A6F5-44F1-851B-B59A87BC8924}"
EndProject
Project("{FAE04EC0-301F-11D3-BF4B-00C04F79EFBC}") = "Day03", "Day03\Day03.csproj", "{1C1E49E2-1EF1-4A03-852A-4471588A0A66}"
EndProject
Project("{FAE04EC0-301F-11D3-BF4B-00C04F79EFBC}") = "Day04", "Day04\Day04.csproj", "{669FCB1E-FC95-49E1-B551-1C46E7387D90}"
EndProject
Project("{FAE04EC0-301F-11D3-BF4B-00C04F79EFBC}") = "Day05", "Day05\Day05.csproj", "{5A0C2ABC-2117-4F2A-80CF-2C17421E29B0}"
EndProject
Project("{FAE04EC0-301F-11D3-BF4B-00C04F79EFBC}") = "Day06", "Day06\Day06.csproj", "{64D35C73-88F8-4E8A-A385-FD20660BCA34}"
EndProject
Project("{FAE04EC0-301F-11D3-BF4B-00C04F79EFBC}") = "Day07", "Day07\Day07.csproj", "{B56F58D1-E906-49F9-AA52-6A7400E05D67}"
EndProject
Project("{FAE04EC0-301F-11D3-BF4B-00C04F79EFBC}") = "Day08", "Day08\Day08.csproj", "{323B63D7-267E-4AAE-B016-AD10A60E480D}"
EndProject
Project("{FAE04EC0-301F-11D3-BF4B-00C04F79EFBC}") = "Day09", "Day09\Day09.csproj", "{854FA0DC-3096-46C0-98AE-196A54129758}"
EndProject
Project("{FAE04EC0-301F-11D3-BF4B-00C04F79EFBC}") = "Day10", "Day10\Day10.csproj", "{CB463219-A014-47EC-98C1-1BDB4B4A5E04}"
EndProject
Project("{FAE04EC0-301F-11D3-BF4B-00C04F79EFBC}") = "Day11", "Day11\Day11.csproj", "{7852D998-D351-4F8D-BCCB-713473A79C74}"
EndProject
Global
	GlobalSection(SolutionConfigurationPlatforms) = preSolution
		Debug|Any CPU = Debug|Any CPU
		Release|Any CPU = Release|Any CPU
	EndGlobalSection
	GlobalSection(ProjectConfigurationPlatforms) = postSolution
		{B4C656E7-F94C-4E7A-9A78-EBC82C31AC55}.Debug|Any CPU.ActiveCfg = Debug|Any CPU
		{B4C656E7-F94C-4E7A-9A78-EBC82C31AC55}.Debug|Any CPU.Build.0 = Debug|Any CPU
		{B4C656E7-F94C-4E7A-9A78-EBC82C31AC55}.Release|Any CPU.ActiveCfg = Release|Any CPU
		{B4C656E7-F94C-4E7A-9A78-EBC82C31AC55}.Release|Any CPU.Build.0 = Release|Any CPU
		{D1B1AEA4-A6F5-44F1-851B-B59A87BC8924}.Debug|Any CPU.ActiveCfg = Debug|Any CPU
		{D1B1AEA4-A6F5-44F1-851B-B59A87BC8924}.Debug|Any CPU.Build.0 = Debug|Any CPU
		{D1B1AEA4-A6F5-44F1-851B-B59A87BC8924}.Release|Any CPU.ActiveCfg = Release|Any CPU
		{D1B1AEA4-A6F5-44F1-851B-B59A87BC8924}.Release|Any CPU.Build.0 = Release|Any CPU
		{1C1E49E2-1EF1-4A03-852A-4471588A0A66}.Debug|Any CPU.ActiveCfg = Debug|Any CPU
		{1C1E49E2-1EF1-4A03-852A-4471588A0A66}.Debug|Any CPU.Build.0 = Debug|Any CPU
		{1C1E49E2-1EF1-4A03-852A-4471588A0A66}.Release|Any CPU.ActiveCfg = Release|Any CPU
		{1C1E49E2-1EF1-4A03-852A-4471588A0A66}.Release|Any CPU.Build.0 = Release|Any CPU
		{669FCB1E-FC95-49E1-B551-1C46E7387D90}.Debug|Any CPU.ActiveCfg = Debug|Any CPU
		{669FCB1E-FC95-49E1-B551-1C46E7387D90}.Debug|Any CPU.Build.0 = Debug|Any CPU
		{669FCB1E-FC95-49E1-B551-1C46E7387D90}.Release|Any CPU.ActiveCfg = Release|Any CPU
		{669FCB1E-FC95-49E1-B551-1C46E7387D90}.Release|Any CPU.Build.0 = Release|Any CPU
		{5A0C2ABC-2117-4F2A-80CF-2C17421E29B0}.Debug|Any CPU.ActiveCfg = Debug|Any CPU
		{5A0C2ABC-2117-4F2A-80CF-2C17421E29B0}.Debug|Any CPU.Build.0 = Debug|Any CPU
		{5A0C2ABC-2117-4F2A-80CF-2C17421E29B0}.Release|Any CPU.ActiveCfg = Release|Any CPU
		{5A0C2ABC-2117-4F2A-80CF-2C17421E29B0}.Release|Any CPU.Build.0 = Release|Any CPU
		{64D35C73-88F8-4E8A-A385-FD20660BCA34}.Debug|Any CPU.ActiveCfg = Debug|Any CPU
		{64D35C73-88F8-4E8A-A385-FD20660BCA34}.Debug|Any CPU.Build.0 = Debug|Any CPU
		{64D35C73-88F8-4E8A-A385-FD20660BCA34}.Release|Any CPU.ActiveCfg = Release|Any CPU
		{64D35C73-88F8-4E8A-A385-FD20660BCA34}.Release|Any CPU.Build.0 = Release|Any CPU
		{B56F58D1-E906-49F9-AA52-6A7400E05D67}.Debug|Any CPU.ActiveCfg = Debug|Any CPU
		{B56F58D1-E906-49F9-AA52-6A7400E05D67}.Debug|Any CPU.Build.0 = Debug|Any CPU
		{B56F58D1-E906-49F9-AA52-6A7400E05D67}.Release|Any CPU.ActiveCfg = Release|Any CPU
		{B56F58D1-E906-49F9-AA52-6A7400E05D67}.Release|Any CPU.Build.0 = Release|Any CPU
		{323B63D7-267E-4AAE-B016-AD10A60E480D}.Debug|Any CPU.ActiveCfg = Debug|Any CPU
		{323B63D7-267E-4AAE-B016-AD10A60E480D}.Debug|Any CPU.Build.0 = Debug|Any CPU
		{323B63D7-267E-4AAE-B016-AD10A60E480D}.Release|Any CPU.ActiveCfg = Release|Any CPU
		{323B63D7-267E-4AAE-B016-AD10A60E480D}.Release|Any CPU.Build.0 = Release|Any CPU
		{854FA0DC-3096-46C0-98AE-196A54129758}.Debug|Any CPU.ActiveCfg = Debug|Any CPU
		{854FA0DC-3096-46C0-98AE-196A54129758}.Debug|Any CPU.Build.0 = Debug|Any CPU
		{854FA0DC-3096-46C0-98AE-196A54129758}.Release|Any CPU.ActiveCfg = Release|Any CPU
		{854FA0DC-3096-46C0-98AE-196A54129758}.Release|Any CPU.Build.0 = Release|Any CPU
		{CB463219-A014-47EC-98C1-1BDB4B4A5E04}.Debug|Any CPU.ActiveCfg = Debug|Any CPU
		{CB463219-A014-47EC-98C1-1BDB4B4A5E04}.Debug|Any CPU.Build.0 = Debug|Any CPU
		{CB463219-A014-47EC-98C1-1BDB4B4A5E04}.Release|Any CPU.ActiveCfg = Release|Any CPU
		{CB463219-A014-47EC-98C1-1BDB4B4A5E04}.Release|Any CPU.Build.0 = Release|Any CPU
		{7852D998-D351-4F8D-BCCB-713473A79C74}.Debug|Any CPU.ActiveCfg = Debug|Any CPU
		{7852D998-D351-4F8D-BCCB-713473A79C74}.Debug|Any CPU.Build.0 = Debug|Any CPU
		{7852D998-D351-4F8D-BCCB-713473A79C74}.Release|Any CPU.ActiveCfg = Release|Any CPU
		{7852D998-D351-4F8D-BCCB-713473A79C74}.Release|Any CPU.Build.0 = Release|Any CPU
	EndGlobalSection
	GlobalSection(SolutionProperties) = preSolution
		HideSolutionNode = FALSE
	EndGlobalSection
	GlobalSection(ExtensibilityGlobals) = postSolution
		SolutionGuid = {D7D416F3-128D-47EC-9A5A-BDC017CF619B}
	EndGlobalSection
EndGlobal
